
Microsoft Visual Studio Solution File, Format Version 12.00
# Visual Studio 14
VisualStudioVersion = 14.0.22823.1
MinimumVisualStudioVersion = 10.0.40219.1
Project("{2150E333-8FDC-42A3-9474-1A3956D46DE8}") = "src", "src", "{69F65B5A-AA9C-4D9B-8F70-0D0D33052D87}"
EndProject
Project("{2150E333-8FDC-42A3-9474-1A3956D46DE8}") = "Solution Items", "Solution Items", "{959253DF-ED16-4D50-9611-54E666C30B5C}"
	ProjectSection(SolutionItems) = preProject
		global.json = global.json
	EndProjectSection
EndProject
Project("{8BB2217D-0F2D-49D1-97BC-3654ED321F3B}") = "OpenChain", "src\OpenChain\OpenChain.xproj", "{C24C1145-878A-476A-AC93-6A272BE3D139}"
EndProject
Project("{8BB2217D-0F2D-49D1-97BC-3654ED321F3B}") = "OpenChain.Core", "src\OpenChain.Core\OpenChain.Core.xproj", "{CA9A2FB3-5BB1-4730-A65E-16BD9831F303}"
EndProject
Project("{8BB2217D-0F2D-49D1-97BC-3654ED321F3B}") = "OpenChain.Console", "src\OpenChain.Console\OpenChain.Console.xproj", "{9A0755DF-BEE7-4095-AF90-8FFD2C86470F}"
EndProject
Project("{8BB2217D-0F2D-49D1-97BC-3654ED321F3B}") = "OpenChain.Server", "src\OpenChain.Server\OpenChain.Server.xproj", "{E682BCFB-88A6-4426-BC8B-3236301BD6A6}"
EndProject
Project("{2150E333-8FDC-42A3-9474-1A3956D46DE8}") = "test", "test", "{62976C02-9AC7-450D-8634-FB01F357F47B}"
EndProject
Project("{8BB2217D-0F2D-49D1-97BC-3654ED321F3B}") = "OpenChain.Core.Tests", "test\OpenChain.Core.Tests\OpenChain.Core.Tests.xproj", "{38A38DEF-1B86-495E-8674-2AA135CE016A}"
EndProject
Project("{8BB2217D-0F2D-49D1-97BC-3654ED321F3B}") = "OpenChain.Server.Tests", "test\OpenChain.Server.Tests\OpenChain.Server.Tests.xproj", "{91B5C8B9-602C-4843-A2BE-DA82B3F7449B}"
EndProject
Project("{8BB2217D-0F2D-49D1-97BC-3654ED321F3B}") = "OpenChain.Core.Sqlite", "src\OpenChain.Core.Sqlite\OpenChain.Core.Sqlite.xproj", "{B76EC900-3DC6-42B0-B480-B758E00507B6}"
EndProject
Global
	GlobalSection(SolutionConfigurationPlatforms) = preSolution
		Debug|Any CPU = Debug|Any CPU
		Release|Any CPU = Release|Any CPU
	EndGlobalSection
	GlobalSection(ProjectConfigurationPlatforms) = postSolution
		{C24C1145-878A-476A-AC93-6A272BE3D139}.Debug|Any CPU.ActiveCfg = Debug|Any CPU
		{C24C1145-878A-476A-AC93-6A272BE3D139}.Debug|Any CPU.Build.0 = Debug|Any CPU
		{C24C1145-878A-476A-AC93-6A272BE3D139}.Release|Any CPU.ActiveCfg = Release|Any CPU
		{C24C1145-878A-476A-AC93-6A272BE3D139}.Release|Any CPU.Build.0 = Release|Any CPU
		{CA9A2FB3-5BB1-4730-A65E-16BD9831F303}.Debug|Any CPU.ActiveCfg = Debug|Any CPU
		{CA9A2FB3-5BB1-4730-A65E-16BD9831F303}.Debug|Any CPU.Build.0 = Debug|Any CPU
		{CA9A2FB3-5BB1-4730-A65E-16BD9831F303}.Release|Any CPU.ActiveCfg = Release|Any CPU
		{CA9A2FB3-5BB1-4730-A65E-16BD9831F303}.Release|Any CPU.Build.0 = Release|Any CPU
		{9A0755DF-BEE7-4095-AF90-8FFD2C86470F}.Debug|Any CPU.ActiveCfg = Debug|Any CPU
		{9A0755DF-BEE7-4095-AF90-8FFD2C86470F}.Debug|Any CPU.Build.0 = Debug|Any CPU
		{9A0755DF-BEE7-4095-AF90-8FFD2C86470F}.Release|Any CPU.ActiveCfg = Release|Any CPU
		{9A0755DF-BEE7-4095-AF90-8FFD2C86470F}.Release|Any CPU.Build.0 = Release|Any CPU
		{E682BCFB-88A6-4426-BC8B-3236301BD6A6}.Debug|Any CPU.ActiveCfg = Debug|Any CPU
		{E682BCFB-88A6-4426-BC8B-3236301BD6A6}.Debug|Any CPU.Build.0 = Debug|Any CPU
		{E682BCFB-88A6-4426-BC8B-3236301BD6A6}.Release|Any CPU.ActiveCfg = Release|Any CPU
		{E682BCFB-88A6-4426-BC8B-3236301BD6A6}.Release|Any CPU.Build.0 = Release|Any CPU
		{38A38DEF-1B86-495E-8674-2AA135CE016A}.Debug|Any CPU.ActiveCfg = Debug|Any CPU
		{38A38DEF-1B86-495E-8674-2AA135CE016A}.Debug|Any CPU.Build.0 = Debug|Any CPU
		{38A38DEF-1B86-495E-8674-2AA135CE016A}.Release|Any CPU.ActiveCfg = Release|Any CPU
		{38A38DEF-1B86-495E-8674-2AA135CE016A}.Release|Any CPU.Build.0 = Release|Any CPU
		{91B5C8B9-602C-4843-A2BE-DA82B3F7449B}.Debug|Any CPU.ActiveCfg = Debug|Any CPU
		{91B5C8B9-602C-4843-A2BE-DA82B3F7449B}.Debug|Any CPU.Build.0 = Debug|Any CPU
		{91B5C8B9-602C-4843-A2BE-DA82B3F7449B}.Release|Any CPU.ActiveCfg = Release|Any CPU
		{91B5C8B9-602C-4843-A2BE-DA82B3F7449B}.Release|Any CPU.Build.0 = Release|Any CPU
		{B76EC900-3DC6-42B0-B480-B758E00507B6}.Debug|Any CPU.ActiveCfg = Debug|Any CPU
		{B76EC900-3DC6-42B0-B480-B758E00507B6}.Debug|Any CPU.Build.0 = Debug|Any CPU
		{B76EC900-3DC6-42B0-B480-B758E00507B6}.Release|Any CPU.ActiveCfg = Release|Any CPU
		{B76EC900-3DC6-42B0-B480-B758E00507B6}.Release|Any CPU.Build.0 = Release|Any CPU
	EndGlobalSection
	GlobalSection(SolutionProperties) = preSolution
		HideSolutionNode = FALSE
	EndGlobalSection
	GlobalSection(NestedProjects) = preSolution
		{C24C1145-878A-476A-AC93-6A272BE3D139} = {69F65B5A-AA9C-4D9B-8F70-0D0D33052D87}
		{CA9A2FB3-5BB1-4730-A65E-16BD9831F303} = {69F65B5A-AA9C-4D9B-8F70-0D0D33052D87}
		{9A0755DF-BEE7-4095-AF90-8FFD2C86470F} = {69F65B5A-AA9C-4D9B-8F70-0D0D33052D87}
		{E682BCFB-88A6-4426-BC8B-3236301BD6A6} = {69F65B5A-AA9C-4D9B-8F70-0D0D33052D87}
		{38A38DEF-1B86-495E-8674-2AA135CE016A} = {62976C02-9AC7-450D-8634-FB01F357F47B}
		{91B5C8B9-602C-4843-A2BE-DA82B3F7449B} = {62976C02-9AC7-450D-8634-FB01F357F47B}
		{B76EC900-3DC6-42B0-B480-B758E00507B6} = {69F65B5A-AA9C-4D9B-8F70-0D0D33052D87}
	EndGlobalSection
EndGlobal
